GEM
  remote: https://rubygems.org/
  specs:
    bigdecimal (4.1.1)
    mysql2 (0.5.7)
      bigdecimal

PLATFORMS
  arm64-darwin-25
  ruby

DEPENDENCIES
  mysql2

CHECKSUMS
  bigdecimal (4.1.1) sha256=1c09efab961da45203c8316b0cdaec0ff391dfadb952dd459584b63ebf8054ca
  mysql2 (0.5.7) sha256=ba09ede515a0ae8a7192040a1b778c0fb0f025fa5877e9be895cd325fa5e9d7b

BUNDLED WITH
  4.0.7
