version = 1
revision = 5
requires-python = ">=3.12"

[[package]]
name = "pyproject-fmt"
version = "2.30.0"
source = { registry = "https://pypi.org/simple" }
sdist = { url = "https://files.pythonhosted.org/packages/14/5c/ee5578c485e0b60314eadcbf74d7c00e4100dfd16c95fe49c95819cab8f2/pyproject_fmt-2.30.0.tar.gz", hash = "sha256:1cf1e2b7e3674102fbf5fd6667fb6cde094a144e2e88e4fab0f79a382f6fa060", size = 332385, upload-time = "2026-10-02T21:05:07.706Z" }
wheels = [
    { url = "https://files.pythonhosted.org/packages/59/c4/2f93e216b99dbc5828fa5649c6838b7abd3b3e2738fba6d1a8ef6cc9d874/pyproject_fmt-2.30.0-cp310-abi3-macosx_10_12_x86_64.whl", hash = "sha256:7f9815139fdbf9ba635af3707c3a86e29bd0f13a237f2dca12f2ac4156289f80", size = 1511338, upload-time = "2026-10-02T21:04:15.032Z" },
    { url = "https://files.pythonhosted.org/packages/eb/ab/1966ed7bba005151748f7b71960ff3d4f4efe2a8c030a4aada10a09ab1c3/pyproject_fmt-2.30.0-cp310-abi3-macosx_11_0_arm64.whl", hash = "sha256:eba39d1ef489455365360d523fe852800ddeb35da5e81593efb8e48c54714714", size = 1440007, upload-time = "2026-10-02T21:04:17.411Z" },
    { url = "https://files.pythonhosted.org/packages/62/8d/8bf9c399f9f374310d2e405b20d9a0b76f4f9b1bc2184b68e03f4467bae5/pyproject_fmt-2.30.0-cp310-abi3-manylinux_2_28_aarch64.whl", hash = "sha256:6dc84c327729fc5c8cc47fb44406544c6dd36604aadd5254eff1fff7970e239c", size = 1518395, upload-time = "2026-10-02T21:04:19.342Z" },
    { url = "https://files.pythonhosted.org/packages/63/85/a2120439853e028b30ece4ed9d5123a3eabd4400fdf823e6b67b79ecfb90/pyproject_fmt-2.30.0-cp310-abi3-manylinux_2_28_x86_64.whl", hash = "sha256:4a10bbd8be1e86e490a03d15f2622482aac0b56aa927d47e717b3bf126cb8c15", size = 1616311, upload-time = "2026-10-02T21:04:21.258Z" },
    { url = "https://files.pythonhosted.org/packages/1c/6b/cbb1b8075ff635099fdc40d7226b44d41b36428dd58ff0d90f096088e1ed/pyproject_fmt-2.30.0-cp310-abi3-manylinux_2_31_riscv64.whl", hash = "sha256:b6be47a521d1393dd792f0e980267a9cbfe6f763fb140e8517ed4fb1aa3c13bf", size = 1513670, upload-time = "2026-10-02T21:04:23.464Z" },
    { url = "https://files.pythonhosted.org/packages/e5/b4/7f85a65f3cbbf9df1c861f8a51fa280d2b08d5f1a6402e936a7deb40e57d/pyproject_fmt-2.30.0-cp310-abi3-musllinux_1_2_aarch64.whl", hash = "sha256:c925745e7e48d4075885d128f99124c7c6f2f2fde2e7ef3da031c58a504fd15f", size = 1516609, upload-time = "2026-10-02T21:04:25.287Z" },
    { url = "https://files.pythonhosted.org/packages/6a/65/d7401813148b89733f3b584e9314e9e7041db4a459973ee943b5c059887c/pyproject_fmt-2.30.0-cp310-abi3-musllinux_1_2_x86_64.whl", hash = "sha256:0b654ec07868000f5cadfa50d71a4336cd5065583633dd905d1f708a6ec6dc09", size = 1839748, upload-time = "2026-10-02T21:04:27.464Z" },
    { url = "https://files.pythonhosted.org/packages/78/69/8acffb712270985a4db4e34685a82ed1193b9af90214ecc30ce61d885265/pyproject_fmt-2.30.0-cp310-abi3-win_amd64.whl", hash = "sha256:58f0b4aae37cb449958dd668d3cf5f5205dc96a50124e9503a3d6f396f726af3", size = 1464132, upload-time = "2026-10-02T21:04:29.333Z" },
    { url = "https://files.pythonhosted.org/packages/97/da/341d5fa9e985f01f95c45f7525be541add987117e6a112005a44af3d9473/pyproject_fmt-2.30.0-cp310-abi3-win_arm64.whl", hash = "sha256:38d373ea0c3dcc614514f2ef12433c41ca1771babec83cf5a6207e59cac6a8de", size = 1396273, upload-time = "2026-10-02T21:04:31.243Z" },
    { url = "https://files.pythonhosted.org/packages/bb/25/69fd1829bf5e34293d70d0b0a8b510dfc1e5965ddbf91590db0c895463a5/pyproject_fmt-2.30.0-cp314-cp314t-macosx_10_12_x86_64.whl", hash = "sha256:6ed29cec97244e74cedcb4f191142957ce4690d886c1ce9dbe7ba2b811f85920", size = 1507725, upload-time = "2026-10-02T21:04:32.835Z" },
    { url = "https://files.pythonhosted.org/packages/7b/37/f4b8568a3186215abe4077f329e1713a4bd819aa2a5ac3f2f1763a24724a/pyproject_fmt-2.30.0-cp314-cp314t-macosx_11_0_arm64.whl", hash = "sha256:267ca20a4dfc49039b89d101caada48a713a41076ec8df07ccade75cfefca39b", size = 1435368, upload-time = "2026-10-02T21:04:34.746Z" },
    { url = "https://files.pythonhosted.org/packages/ff/d0/6e23d5d9cb63d18babdd675a7e7d7f78dcb2d4cc079724229f7d8ea7339f/pyproject_fmt-2.30.0-cp314-cp314t-manylinux_2_28_aarch64.whl", hash = "sha256:e220b6e0013b70e0ed72f5d5add4760082b9e9b792b4d6beb85e0ed252b2e6fc", size = 1512785, upload-time = "2026-10-02T21:04:36.669Z" },
    { url = "https://files.pythonhosted.org/packages/3d/a4/cff9743785ea055ac05bccd37c6069810f5e1b88879c546bd977a2305ca5/pyproject_fmt-2.30.0-cp314-cp314t-manylinux_2_28_x86_64.whl", hash = "sha256:b2fec356b8ef3bfddc61f403cea4c1fc3ce53200b6a943392b5579f7981d3d03", size = 1609602, upload-time = "2026-10-02T21:04:38.331Z" },
    { url = "https://files.pythonhosted.org/packages/51/c9/6243d16545989b57bc1c660727eb89599bd6410f29ea323c3feff2fff053/pyproject_fmt-2.30.0-cp314-cp314t-musllinux_1_2_aarch64.whl", hash = "sha256:8adc9dcbfb80b841505d717cdbe30d42707aff5fb308b073163ec038e3e013df", size = 1511457, upload-time = "2026-10-02T21:04:40.279Z" },
    { url = "https://files.pythonhosted.org/packages/2d/ab/fcf8a4f8757d42bef7aa921bd71027339c04eb7c790ee294c58e339fed8f/pyproject_fmt-2.30.0-cp314-cp314t-musllinux_1_2_x86_64.whl", hash = "sha256:5429bccc4a4dc99628e916386061a2077fd92026407675f24a6a99a0522691bb", size = 1834779, upload-time = "2026-10-02T21:04:42.286Z" },
    { url = "https://files.pythonhosted.org/packages/c3/8e/399f5e2fad65344d4f237bb885d4fd38dad7005f01a37474cc81b5654826/pyproject_fmt-2.30.0-cp314-cp314t-win_amd64.whl", hash = "sha256:d648aa9268a2558362c0cb537d7bca3dcedcda6e5cb6bb1ab9fba062ea80a998", size = 1460329, upload-time = "2026-10-02T21:04:44.215Z" },
    { url = "https://files.pythonhosted.org/packages/32/65/b2dc939a74c60aaae0334ccd3a2d4412542dcb9e6e441d86e645859fbb37/pyproject_fmt-2.30.0-cp314-cp314t-win_arm64.whl", hash = "sha256:da017d3504bf9beccc1a8fa6c3662f538c65c2385009f043e654adb003c0976b", size = 1390799, upload-time = "2026-10-02T21:04:45.998Z" },
    { url = "https://files.pythonhosted.org/packages/4b/25/60231f35eb7dbf1f5ab97d2ccad859a31736f09592f60eb375f3a0af3f0c/pyproject_fmt-2.30.0-cp315-cp315t-macosx_10_12_x86_64.whl", hash = "sha256:bedd58ade5d3795d179b6f6746ba3f298d0674cfad66ab9918a125e413ff78ac", size = 1508639, upload-time = "2026-10-02T21:04:47.951Z" },
    { url = "https://files.pythonhosted.org/packages/3a/aa/e16330b08740a91e4c4a4cc14314ac0d8a50efbd3ab2f6ce49765cbf35e8/pyproject_fmt-2.30.0-cp315-cp315t-macosx_11_0_arm64.whl", hash = "sha256:fedae0fae464d8e04155c248ef492363890f7d81a6854b1080a8e4672a45ba64", size = 1434376, upload-time = "2026-10-02T21:04:49.574Z" },
    { url = "https://files.pythonhosted.org/packages/42/f1/6018970d26648bfc94726db5a70599faaec11088d464cff038d4e7bb57f1/pyproject_fmt-2.30.0-cp315-cp315t-manylinux_2_28_aarch64.whl", hash = "sha256:7340c6cc9dff0c602da885bec4b9f2fac895131dc49d110095ea8126b6f0e055", size = 1513559, upload-time = "2026-10-02T21:04:51.372Z" },
    { url = "https://files.pythonhosted.org/packages/7f/4f/e8c86d14827b23493fe2f118946130ba26ee89cf04aabc30c55407ef3730/pyproject_fmt-2.30.0-cp315-cp315t-manylinux_2_28_x86_64.whl", hash = "sha256:0d5e88a3f6e71c5769336fb31eeb1fd524724b191bc40c4760025e441176998c", size = 1609277, upload-time = "2026-10-02T21:04:53.329Z" },
    { url = "https://files.pythonhosted.org/packages/28/f9/474fec236d82de60ed372b9e680f2ce792c4d514234ce3b2c6d9f36e9c5c/pyproject_fmt-2.30.0-cp315-cp315t-musllinux_1_2_aarch64.whl", hash = "sha256:5e8d9b9f5cd8d5c8d184697e30ac2d4458008291ea139fcee75cf7aa5f4d94f4", size = 1511852, upload-time = "2026-10-02T21:04:54.945Z" },
    { url = "https://files.pythonhosted.org/packages/62/96/aaefbe8503635aa8a8a42a2440fb9d3f16d63eb73cc2892b67f3a32b960e/pyproject_fmt-2.30.0-cp315-cp315t-musllinux_1_2_x86_64.whl", hash = "sha256:33abb15b3e4148d7a02b343aeca3c9f1cf21242b751de59e0cf07428796abdd0", size = 1834428, upload-time = "2026-10-02T21:04:56.978Z" },
    { url = "https://files.pythonhosted.org/packages/cf/0b/bad760b81f24211b8c924ad0138579630c9e83c7447d849632928e0aa8cd/pyproject_fmt-2.30.0-cp315-cp315t-win_amd64.whl", hash = "sha256:52422ad79e84d2cc452e03921732b7fa9318cfa763c31156e187e510bb3ddd15", size = 1466582, upload-time = "2026-10-02T21:04:58.653Z" },
    { url = "https://files.pythonhosted.org/packages/0a/d9/b93d2859ad9f0c91a97f228fb169338537018b7524727058b9e1caab329a/pyproject_fmt-2.30.0-cp315-cp315t-win_arm64.whl", hash = "sha256:fe9636f065f2c9bc94c4e4f2762e3779ad9d1d0d45bd5ce38c23aa33778d918c", size = 1386337, upload-time = "2026-10-02T21:05:00.652Z" },
]

[[package]]
name = "ruff"
version = "0.16.10"
source = { registry = "https://pypi.org/simple" }
sdist = { url = "https://files.pythonhosted.org/packages/c4/49/23802c45f093eb14bde54b141d2b2f058edfa63a06db7beed047308cc08f/ruff-0.16.10.tar.gz", hash = "sha256:eff4728c4eaae93f0955cd264d24b2ab348e74bf59986ccf282ba6dc16b3b017", size = 4958724, upload-time = "2026-10-01T18:03:21.697Z" }
wheels = [
    { url = "https://files.pythonhosted.org/packages/2f/21/ebce22e1d90cdb2cd691026b9c6e9bec6499f0b396089481755b5d49efff/ruff-0.16.10-py3-none-linux_armv6l.whl", hash = "sha256:488b0fe3f3574210e5cf80d9f59b9e3ab17a127a8155de3f307b392589cfb511", size = 10095557, upload-time = "2026-10-01T18:02:36.072Z" },
    { url = "https://files.pythonhosted.org/packages/cb/98/a54de85876a8b2612bfa0d84c7b9abfb39c6a3354aee7800b09c1649b9e3/ruff-0.16.10-py3-none-macosx_10_12_x86_64.whl", hash = "sha256:e748ff95c934c4e978783b8e687bc174e7bd84e8ad24e3243e1ecfcda5e0282d", size = 10340577, upload-time = "2026-10-01T18:02:39.258Z" },
    { url = "https://files.pythonhosted.org/packages/9f/16/1a5a4a2657effe4806110f2b907313802f1367fcdbb29e8122766e407fab/ruff-0.16.10-py3-none-macosx_11_0_arm64.whl", hash = "sha256:3031a4a2e8e7b8a46f70be45f198c35a11ece509a94b80334d8d397a33c67550", size = 9774282, upload-time = "2026-10-01T18:02:41.79Z" },
    { url = "https://files.pythonhosted.org/packages/6e/fb/470085af734da396e68cd80fb0a3e7c109a459716ae59588c0f6fab8a17d/ruff-0.16.10-py3-none-manylinux_2_17_aarch64.manylinux2014_aarch64.whl", hash = "sha256:494401c86df4c4c25f69b9419605d944467ee98c42fb6ad405ef4fa40b8fb67d", size = 9920895, upload-time = "2026-10-01T18:02:44.458Z" },
    { url = "https://files.pythonhosted.org/packages/57/de/f10cffe4f88a37ea6615ec460f01bf76f0bc1477737a35d9ee61a630a78b/ruff-0.16.10-py3-none-manylinux_2_17_armv7l.manylinux2014_armv7l.whl", hash = "sha256:d203abc0ff2b773ee33d00ab8df0bb67046fbc7c07b119332f08b9b345cf8221", size = 9902707, upload-time = "2026-10-01T18:02:47.041Z" },
    { url = "https://files.pythonhosted.org/packages/ff/44/3fdcedf83ae60ef837dd239170e480dce606a9142cfa2db911afdf855fd9/ruff-0.16.10-py3-none-manylinux_2_17_i686.manylinux2014_i686.whl", hash = "sha256:bd83d1235a5258d318477bc5b576303974cbdef5df0c01a1bff14efcc23bd12a", size = 10619287, upload-time = "2026-10-01T18:02:49.485Z" },
    { url = "https://files.pythonhosted.org/packages/c1/62/02e76a5574002153618eafbb70e159468addc72a5d2c488e65cbb4639d2d/ruff-0.16.10-py3-none-manylinux_2_17_ppc64le.manylinux2014_ppc64le.whl", hash = "sha256:bc2610fb269fa56dd8a68669ae470fa6272902668c0fc2ebc3aa112b2633d5b8", size = 11339942, upload-time = "2026-10-01T18:02:52.008Z" },
    { url = "https://files.pythonhosted.org/packages/6b/c4/cde27d47ad8d4126c587e608c67c46e7feac11763f606d261a1bc8a489e6/ruff-0.16.10-py3-none-manylinux_2_17_s390x.manylinux2014_s390x.whl", hash = "sha256:3e70175e29cc94c26ea296c80e470180b744b7419026898e58f520c6ab32578e", size = 10934316, upload-time = "2026-10-01T18:02:54.811Z" },
    { url = "https://files.pythonhosted.org/packages/e4/03/17234145f302a645a123e8c3bb2411ecf4669fbc350de3b0d803230a1729/ruff-0.16.10-py3-none-manylinux_2_17_x86_64.manylinux2014_x86_64.whl", hash = "sha256:f33f43a864a8483eebd160e713336c8bab02c934feaff0a33cf5ccb41546d09a", size = 10387968, upload-time = "2026-10-01T18:02:57.497Z" },
    { url = "https://files.pythonhosted.org/packages/71/29/2493af60240ee7644b38a4b821f5f9c3b5a4fa3178770fe1d0c685217395/ruff-0.16.10-py3-none-manylinux_2_31_riscv64.whl", hash = "sha256:1dfc6f0088149fb6a362c1c446bcbb3fd2157b3852fe2fa68409276eab9ad9b3", size = 10537906, upload-time = "2026-10-01T18:03:00.006Z" },
    { url = "https://files.pythonhosted.org/packages/2e/9a/f56b28f3b143bb9e518c34fb89ab191b626bca8b70dbf8af0d2e2d473572/ruff-0.16.10-py3-none-musllinux_1_2_aarch64.whl", hash = "sha256:6553498afc35f580f036030795810b9e6bcea31604b0fd9e8d352795473042e3", size = 10012938, upload-time = "2026-10-01T18:03:03.006Z" },
    { url = "https://files.pythonhosted.org/packages/c2/c4/fca37362848ea4d4d80712df13632e645e7c7cfb1bdedf140699ac7a090b/ruff-0.16.10-py3-none-musllinux_1_2_armv7l.whl", hash = "sha256:a3b8471dea115d37f123882be852bed13403746d3a76c11de4a19ec5f9ff5a03", size = 9897945, upload-time = "2026-10-01T18:03:05.818Z" },
    { url = "https://files.pythonhosted.org/packages/7d/c7/e0bc57664d6e0c61fd22f620af260fe9662d7e1ddb320ea7f160e76ef165/ruff-0.16.10-py3-none-musllinux_1_2_i686.whl", hash = "sha256:92e59a70bcbd9d3a5483656da906ec28edfdacfce00afd99edb8b4e9d15644be", size = 10333134, upload-time = "2026-10-01T18:03:08.25Z" },
    { url = "https://files.pythonhosted.org/packages/21/aa/5c9f3b68737c0e4a33a1db5dfab44f7b786d96ca91a7233112ddab1e6dc2/ruff-0.16.10-py3-none-musllinux_1_2_x86_64.whl", hash = "sha256:7ae7375f803b5520dc9f546bed7e3a0acb70b91812e9bb4b19927de22f25b77d", size = 10741702, upload-time = "2026-10-01T18:03:10.775Z" },
    { url = "https://files.pythonhosted.org/packages/78/fa/0f9c2020dc316c53d983be011720b8157cc052b97e3f4dfa7db6d0f880a6/ruff-0.16.10-py3-none-win32.whl", hash = "sha256:2a12e01cb9156c10c466f63b46eaae5ecea28dfbd21b5836353ae498e7d1349a", size = 10139176, upload-time = "2026-10-01T18:03:13.267Z" },
    { url = "https://files.pythonhosted.org/packages/99/29/cfb0df9448d4d4ad48c2de029ada9ebd71baa6da983a6c77ee6c6cd0fe82/ruff-0.16.10-py3-none-win_amd64.whl", hash = "sha256:97f2015c92aa97105b0eab19eb5d224884399281cfc5da86a92db4ab5e7fb2ca", size = 10584734, upload-time = "2026-10-01T18:03:16.006Z" },
    { url = "https://files.pythonhosted.org/packages/fc/05/c16957eb287c3fc062e032619a25868d93d408a844b725bcf514f7a378ff/ruff-0.16.10-py3-none-win_arm64.whl", hash = "sha256:25a65fe998c4e6861ec079ada5826a2fc605e6cbccbe9dcd7fac1f54e791621b", size = 10366440, upload-time = "2026-10-01T18:03:19.04Z" },
]

[[package]]
name = "scythe-dev"
version = "0.5.0"
source = { virtual = "." }

[package.dev-dependencies]
dev = [
    { name = "pyproject-fmt" },
    { name = "ruff" },
]

[package.metadata]

[package.metadata.requires-dev]
dev = [
    { name = "pyproject-fmt", specifier = ">=2.11.1" },
    { name = "ruff", specifier = ">=0.14.8" },
]
