GEM
  remote: https://rubygems.org/
  specs:
    bigdecimal (4.1.1)
    tiny_tds (3.4.0)
      bigdecimal (>= 2.0.0)
    tiny_tds (3.4.0-aarch64-linux-gnu)
      bigdecimal (>= 2.0.0)
    tiny_tds (3.4.0-aarch64-linux-musl)
      bigdecimal (>= 2.0.0)
    tiny_tds (3.4.0-x86_64-linux-gnu)
      bigdecimal (>= 2.0.0)
    tiny_tds (3.4.0-x86_64-linux-musl)
      bigdecimal (>= 2.0.0)

PLATFORMS
  aarch64-linux-gnu
  aarch64-linux-musl
  arm64-darwin-25
  ruby
  x86_64-linux-gnu
  x86_64-linux-musl

DEPENDENCIES
  tiny_tds

CHECKSUMS
  bigdecimal (4.1.1) sha256=1c09efab961da45203c8316b0cdaec0ff391dfadb952dd459584b63ebf8054ca
  tiny_tds (3.4.0) sha256=b43e1475cc4b2fa6674847a6a5b72aed99d3332840e1a9f195ca8b1f68653688
  tiny_tds (3.4.0-aarch64-linux-gnu) sha256=2bfad37bfd894b520e7998dbdc6811fbe7a9f40b4803d30b1307aca3e777fc39
  tiny_tds (3.4.0-aarch64-linux-musl) sha256=a5ef22dde32998dcba1b75e17bb6419ea80dd52b8bc17d152a8aa6c96f26663d
  tiny_tds (3.4.0-x86_64-linux-gnu) sha256=56a25e44e8c71432c1e69577cb56893048a949efa7fd839a48efaec88e603b2e
  tiny_tds (3.4.0-x86_64-linux-musl) sha256=7516c187158215a0a47e3bb1f0dc8794359f6896a284a5ad1140d395461f2b99

BUNDLED WITH
  4.0.7
