GEM
  remote: https://rubygems.org/
  specs:
    bigdecimal (4.1.1)
    trilogy (2.12.3)
      bigdecimal

PLATFORMS
  arm64-darwin-25
  ruby

DEPENDENCIES
  trilogy

CHECKSUMS
  bigdecimal (4.1.1) sha256=1c09efab961da45203c8316b0cdaec0ff391dfadb952dd459584b63ebf8054ca
  trilogy (2.12.3) sha256=1473da7ed7e204121929ba3dfa39c1365161f960fd4fe833a1dde4a61ff66fea

BUNDLED WITH
  4.0.7
