GEM
  remote: https://rubygems.org/
  specs:
    bigdecimal (4.1.2)
    trilogy (2.12.6)
      bigdecimal

PLATFORMS
  arm64-darwin-25
  ruby

DEPENDENCIES
  trilogy

CHECKSUMS
  bigdecimal (4.1.2) sha256=53d217666027eab4280346fba98e7d5b66baaae1b9c3c1c0ffe89d48188a3fbd
  trilogy (2.12.6) sha256=2e0f97092150c92fec41acc304c382ad52f5ea98e1eb11073e4f501f80159cf7

BUNDLED WITH
  4.0.7
